
Microsoft Visual Studio Solution File, Format Version 12.00
# Visual Studio Version 17
VisualStudioVersion = 17.7.34031.279
MinimumVisualStudioVersion = 10.0.40219.1
Project("{2150E333-8FDC-42A3-9474-1A3956D46DE8}") = "Solution Items", "Solution Items", "{07EE17BC-E73A-4301-A3C9-42EC48D3D770}"
	ProjectSection(SolutionItems) = preProject
		.dockerignore = .dockerignore
		.editorconfig = .editorconfig
		.gitattributes = .gitattributes
		.gitignore = .gitignore
	EndProjectSection
EndProject
Project("{FAE04EC0-301F-11D3-BF4B-00C04F79EFBC}") = "Logitar.Faktur.Contracts", "src\Logitar.Faktur.Contracts\Logitar.Faktur.Contracts.csproj", "{4DA3D723-AC38-44B3-8D82-0141A4111335}"
EndProject
Project("{FAE04EC0-301F-11D3-BF4B-00C04F79EFBC}") = "Logitar.Faktur.Application", "src\Logitar.Faktur.Application\Logitar.Faktur.Application.csproj", "{821DA3BE-89F0-4716-B59E-D40B4B17449B}"
EndProject
Project("{FAE04EC0-301F-11D3-BF4B-00C04F79EFBC}") = "Logitar.Faktur.Domain", "src\Logitar.Faktur.Domain\Logitar.Faktur.Domain.csproj", "{D64DC1FA-8B31-43CD-8AF3-9A39D5ECD0B4}"
EndProject
Project("{FAE04EC0-301F-11D3-BF4B-00C04F79EFBC}") = "Logitar.Faktur.Infrastructure", "src\Logitar.Faktur.Infrastructure\Logitar.Faktur.Infrastructure.csproj", "{92DEFA69-21D0-4147-97C9-66B5B7B50D99}"
EndProject
Global
	GlobalSection(SolutionConfigurationPlatforms) = preSolution
		Debug|Any CPU = Debug|Any CPU
		Release|Any CPU = Release|Any CPU
	EndGlobalSection
	GlobalSection(ProjectConfigurationPlatforms) = postSolution
		{4DA3D723-AC38-44B3-8D82-0141A4111335}.Debug|Any CPU.ActiveCfg = Debug|Any CPU
		{4DA3D723-AC38-44B3-8D82-0141A4111335}.Debug|Any CPU.Build.0 = Debug|Any CPU
		{4DA3D723-AC38-44B3-8D82-0141A4111335}.Release|Any CPU.ActiveCfg = Release|Any CPU
		{4DA3D723-AC38-44B3-8D82-0141A4111335}.Release|Any CPU.Build.0 = Release|Any CPU
		{821DA3BE-89F0-4716-B59E-D40B4B17449B}.Debug|Any CPU.ActiveCfg = Debug|Any CPU
		{821DA3BE-89F0-4716-B59E-D40B4B17449B}.Debug|Any CPU.Build.0 = Debug|Any CPU
		{821DA3BE-89F0-4716-B59E-D40B4B17449B}.Release|Any CPU.ActiveCfg = Release|Any CPU
		{821DA3BE-89F0-4716-B59E-D40B4B17449B}.Release|Any CPU.Build.0 = Release|Any CPU
		{D64DC1FA-8B31-43CD-8AF3-9A39D5ECD0B4}.Debug|Any CPU.ActiveCfg = Debug|Any CPU
		{D64DC1FA-8B31-43CD-8AF3-9A39D5ECD0B4}.Debug|Any CPU.Build.0 = Debug|Any CPU
		{D64DC1FA-8B31-43CD-8AF3-9A39D5ECD0B4}.Release|Any CPU.ActiveCfg = Release|Any CPU
		{D64DC1FA-8B31-43CD-8AF3-9A39D5ECD0B4}.Release|Any CPU.Build.0 = Release|Any CPU
		{92DEFA69-21D0-4147-97C9-66B5B7B50D99}.Debug|Any CPU.ActiveCfg = Debug|Any CPU
		{92DEFA69-21D0-4147-97C9-66B5B7B50D99}.Debug|Any CPU.Build.0 = Debug|Any CPU
		{92DEFA69-21D0-4147-97C9-66B5B7B50D99}.Release|Any CPU.ActiveCfg = Release|Any CPU
		{92DEFA69-21D0-4147-97C9-66B5B7B50D99}.Release|Any CPU.Build.0 = Release|Any CPU
	EndGlobalSection
	GlobalSection(SolutionProperties) = preSolution
		HideSolutionNode = FALSE
	EndGlobalSection
	GlobalSection(ExtensibilityGlobals) = postSolution
		SolutionGuid = {F000E2BF-CB24-444F-8403-3E81964ECF56}
	EndGlobalSection
EndGlobal
